
Microsoft Visual Studio Solution File, Format Version 12.00
# Visual Studio Version 16
VisualStudioVersion = 16.0.30114.105
MinimumVisualStudioVersion = 10.0.40219.1
Project("{8BC9CEB8-8B4A-11D0-8D11-00A0C91BC942}") = "VTIL.Lifter", "VTIL.Lifter\VTIL.Lifter.vcxproj", "{4BC7DC82-3BE4-41A9-954F-5EB370C270CE}"
EndProject
Global
	GlobalSection(SolutionConfigurationPlatforms) = preSolution
		Debug|x64 = Debug|x64
		Debug|x86 = Debug|x86
		Release|x64 = Release|x64
		Release|x86 = Release|x86
	EndGlobalSection
	GlobalSection(ProjectConfigurationPlatforms) = postSolution
		{4BC7DC82-3BE4-41A9-954F-5EB370C270CE}.Debug|x64.ActiveCfg = Debug|x64
		{4BC7DC82-3BE4-41A9-954F-5EB370C270CE}.Debug|x64.Build.0 = Debug|x64
		{4BC7DC82-3BE4-41A9-954F-5EB370C270CE}.Debug|x86.ActiveCfg = Debug|Win32
		{4BC7DC82-3BE4-41A9-954F-5EB370C270CE}.Debug|x86.Build.0 = Debug|Win32
		{4BC7DC82-3BE4-41A9-954F-5EB370C270CE}.Release|x64.ActiveCfg = Release|x64
		{4BC7DC82-3BE4-41A9-954F-5EB370C270CE}.Release|x64.Build.0 = Release|x64
		{4BC7DC82-3BE4-41A9-954F-5EB370C270CE}.Release|x86.ActiveCfg = Release|Win32
		{4BC7DC82-3BE4-41A9-954F-5EB370C270CE}.Release|x86.Build.0 = Release|Win32
	EndGlobalSection
	GlobalSection(SolutionProperties) = preSolution
		HideSolutionNode = FALSE
	EndGlobalSection
	GlobalSection(ExtensibilityGlobals) = postSolution
		SolutionGuid = {A6EB8CA0-65D5-4928-BEE5-6A3156C3BD02}
	EndGlobalSection
EndGlobal
